{
  "name": "a1-localization-ru",
  "version": "0.1.0",
  "lockfileVersion": 3,
  "requires": true,
  "packages": {
    "": {
      "name": "a1-localization-ru",
      "version": "0.1.0",
      "license": "UNLICENSED",
      "devDependencies": {
        "@a1/ai": "https://github.com/Armosphera/A1-AI-Core/archive/f6c57a2c0ba0ceca7a6de880f03ed05a305bab5d.tar.gz"
      },
      "engines": {
        "node": ">=18"
      }
    },
    "node_modules/@a1/ai": {
      "version": "0.1.0",
      "resolved": "https://github.com/Armosphera/A1-AI-Core/archive/f6c57a2c0ba0ceca7a6de880f03ed05a305bab5d.tar.gz",
      "integrity": "sha512-EZkR138sma5aQ7Ej7NXeyW5CqVmMoV71FiCdbfQsawh+DQEo6jp0m+5QMJNSRh3VXy+R1rkVBBWGxz+KXCgE5g==",
      "dev": true,
      "license": "UNLICENSED",
      "engines": {
        "node": ">=22.5"
      }
    }
  }
}
